{
  "version": 4,
  "terraform_version": "1.8.4",
  "serial": 2893,
  "lineage": "304f9756-07b2-b313-f960-b2e96ecc24a8",
  "outputs": {
    "alb_dns_name": {
      "value": "app-lb-396094096.eu-north-1.elb.amazonaws.com",
      "type": "string"
    }
  },
  "resources": [
    {
      "mode": "data",
      "type": "aws_caller_identity",
      "name": "current",
      "provider": "provider[\"registry.terraform.io/hashicorp/aws\"]",
      "instances": [
        {
          "schema_version": 0,
          "attributes": {
            "account_id": "851725350979",
            "arn": "arn:aws:iam::851725350979:user/toniiam2",
            "id": "851725350979",
            "user_id": "AIDA4MTWJPBB7T6UGR3RL"
          },
          "sensitive_attributes": []
        }
      ]
    },
    {
      "mode": "data",
      "type": "aws_iam_policy_document",
      "name": "terraform_state_policy",
      "provider": "provider[\"registry.terraform.io/hashicorp/aws\"]",
      "instances": [
        {
          "schema_version": 0,
          "attributes": {
            "id": "210063120",
            "json": "{\n  \"Version\": \"2012-10-17\",\n  \"Statement\": [\n    {\n      \"Effect\": \"Allow\",\n      \"Action\": [\n        \"s3:PutObject\",\n        \"s3:ListBucket\",\n        \"s3:GetObject\",\n        \"s3:DeleteObject\"\n      ],\n      \"Resource\": [\n        \"arn:aws:s3:::terraform-state-bucket/*\",\n        \"arn:aws:s3:::terraform-state-bucket\"\n      ]\n    },\n    {\n      \"Effect\": \"Allow\",\n      \"Action\": [\n        \"dynamodb:PutItem\",\n        \"dynamodb:GetItem\",\n        \"dynamodb:DeleteItem\"\n      ],\n      \"Resource\": \"arn:aws:dynamodb:eu-north-1:851725350979:table/terraform-state-lock\"\n    }\n  ]\n}",
            "minified_json": "{\"Version\":\"2012-10-17\",\"Statement\":[{\"Effect\":\"Allow\",\"Action\":[\"s3:PutObject\",\"s3:ListBucket\",\"s3:GetObject\",\"s3:DeleteObject\"],\"Resource\":[\"arn:aws:s3:::terraform-state-bucket/*\",\"arn:aws:s3:::terraform-state-bucket\"]},{\"Effect\":\"Allow\",\"Action\":[\"dynamodb:PutItem\",\"dynamodb:GetItem\",\"dynamodb:DeleteItem\"],\"Resource\":\"arn:aws:dynamodb:eu-north-1:851725350979:table/terraform-state-lock\"}]}",
            "override_json": null,
            "override_policy_documents": null,
            "policy_id": null,
            "source_json": null,
            "source_policy_documents": null,
            "statement": [
              {
                "actions": [
                  "s3:DeleteObject",
                  "s3:GetObject",
                  "s3:ListBucket",
                  "s3:PutObject"
                ],
                "condition": [],
                "effect": "Allow",
                "not_actions": [],
                "not_principals": [],
                "not_resources": [],
                "principals": [],
                "resources": [
                  "arn:aws:s3:::terraform-state-bucket",
                  "arn:aws:s3:::terraform-state-bucket/*"
                ],
                "sid": ""
              },
              {
                "actions": [
                  "dynamodb:DeleteItem",
                  "dynamodb:GetItem",
                  "dynamodb:PutItem"
                ],
                "condition": [],
                "effect": "Allow",
                "not_actions": [],
                "not_principals": [],
                "not_resources": [],
                "principals": [],
                "resources": [
                  "arn:aws:dynamodb:eu-north-1:851725350979:table/terraform-state-lock"
                ],
                "sid": ""
              }
            ],
            "version": "2012-10-17"
          },
          "sensitive_attributes": []
        }
      ]
    },
    {
      "mode": "managed",
      "type": "aws_autoscaling_group",
      "name": "ec2_asg",
      "provider": "provider[\"registry.terraform.io/hashicorp/aws\"]",
      "instances": [
        {
          "schema_version": 1,
          "attributes": {
            "arn": "arn:aws:autoscaling:eu-north-1:851725350979:autoScalingGroup:a85933c7-e739-4313-82b3-77cd9959d5dc:autoScalingGroupName/web-server-asg",
            "availability_zones": [
              "eu-north-1a",
              "eu-north-1b",
              "eu-north-1c"
            ],
            "capacity_rebalance": false,
            "context": "",
            "default_cooldown": 300,
            "default_instance_warmup": 0,
            "desired_capacity": 2,
            "desired_capacity_type": "",
            "enabled_metrics": [],
            "force_delete": false,
            "force_delete_warm_pool": false,
            "health_check_grace_period": 300,
            "health_check_type": "EC2",
            "id": "web-server-asg",
            "ignore_failed_scaling_activities": false,
            "initial_lifecycle_hook": [],
            "instance_maintenance_policy": [],
            "instance_refresh": [],
            "launch_configuration": "",
            "launch_template": [
              {
                "id": "lt-0f47cc45440df1276",
                "name": "web-server",
                "version": "$Latest"
              }
            ],
            "load_balancers": [],
            "max_instance_lifetime": 0,
            "max_size": 3,
            "metrics_granularity": "1Minute",
            "min_elb_capacity": null,
            "min_size": 1,
            "mixed_instances_policy": [],
            "name": "web-server-asg",
            "name_prefix": "",
            "placement_group": "",
            "predicted_capacity": 0,
            "protect_from_scale_in": false,
            "service_linked_role_arn": "arn:aws:iam::851725350979:role/aws-service-role/autoscaling.amazonaws.com/AWSServiceRoleForAutoScaling",
            "suspended_processes": [],
            "tag": [],
            "target_group_arns": [
              "arn:aws:elasticloadbalancing:eu-north-1:851725350979:targetgroup/web-server-tg/441b7256cba03e86"
            ],
            "termination_policies": [],
            "timeouts": null,
            "traffic_source": [
              {
                "identifier": "arn:aws:elasticloadbalancing:eu-north-1:851725350979:targetgroup/web-server-tg/441b7256cba03e86",
                "type": "elbv2"
              }
            ],
            "vpc_zone_identifier": [
              "subnet-053a5bd7ea5356b5f",
              "subnet-0b50feeb80933d9a0",
              "subnet-0eae59b19f0f2622c"
            ],
            "wait_for_capacity_timeout": "10m",
            "wait_for_elb_capacity": null,
            "warm_pool": [],
            "warm_pool_size": 0
          },
          "sensitive_attributes": [],
          "private": "eyJlMmJmYjczMC1lY2FhLTExZTYtOGY4OC0zNDM2M2JjN2M0YzAiOnsiZGVsZXRlIjo2MDAwMDAwMDAwMDAsInVwZGF0ZSI6NjAwMDAwMDAwMDAwfSwic2NoZW1hX3ZlcnNpb24iOiIxIn0=",
          "dependencies": [
            "aws_launch_template.ec2_launch_template",
            "aws_lb_target_group.alb_ec2_tg",
            "aws_security_group.alb_sg",
            "aws_security_group.ec2_sg",
            "aws_subnet.private_subnet",
            "aws_vpc.toni_vpc"
          ]
        }
      ]
    },
    {
      "mode": "managed",
      "type": "aws_eip",
      "name": "eip",
      "provider": "provider[\"registry.terraform.io/hashicorp/aws\"]",
      "instances": [
        {
          "schema_version": 0,
          "attributes": {
            "address": null,
            "allocation_id": "eipalloc-05ac27bb4d803ffc6",
            "arn": "arn:aws:ec2:eu-north-1:851725350979:elastic-ip/eipalloc-05ac27bb4d803ffc6",
            "associate_with_private_ip": null,
            "association_id": "eipassoc-0953ecb5dea869ada",
            "carrier_ip": "",
            "customer_owned_ip": "",
            "customer_owned_ipv4_pool": "",
            "domain": "vpc",
            "id": "eipalloc-05ac27bb4d803ffc6",
            "instance": "",
            "network_border_group": "eu-north-1",
            "network_interface": "eni-04f8469f33b756ebe",
            "private_dns": "ip-10-0-0-12.eu-north-1.compute.internal",
            "private_ip": "10.0.0.12",
            "ptr_record": "",
            "public_dns": "ec2-13-49-232-101.eu-north-1.compute.amazonaws.com",
            "public_ip": "13.49.232.101",
            "public_ipv4_pool": "amazon",
            "tags": {},
            "tags_all": {},
            "timeouts": null,
            "vpc": true
          },
          "sensitive_attributes": [],
          "private": "eyJlMmJmYjczMC1lY2FhLTExZTYtOGY4OC0zNDM2M2JjN2M0YzAiOnsiZGVsZXRlIjoxODAwMDAwMDAwMDAsInJlYWQiOjkwMDAwMDAwMDAwMCwidXBkYXRlIjozMDAwMDAwMDAwMDB9fQ==",
          "dependencies": [
            "aws_internet_gateway.igw_vpc",
            "aws_vpc.toni_vpc"
          ]
        }
      ]
    },
    {
      "mode": "managed",
      "type": "aws_internet_gateway",
      "name": "igw_vpc",
      "provider": "provider[\"registry.terraform.io/hashicorp/aws\"]",
      "instances": [
        {
          "schema_version": 0,
          "attributes": {
            "arn": "arn:aws:ec2:eu-north-1:851725350979:internet-gateway/igw-091afeba1a59b1cc3",
            "id": "igw-091afeba1a59b1cc3",
            "owner_id": "851725350979",
            "tags": {
              "Name": "toni-igw"
            },
            "tags_all": {
              "Name": "toni-igw"
            },
            "timeouts": null,
            "vpc_id": "vpc-09bd2e2e5cd4c3f79"
          },
          "sensitive_attributes": [],
          "private": "eyJlMmJmYjczMC1lY2FhLTExZTYtOGY4OC0zNDM2M2JjN2M0YzAiOnsiY3JlYXRlIjoxMjAwMDAwMDAwMDAwLCJkZWxldGUiOjEyMDAwMDAwMDAwMDAsInVwZGF0ZSI6MTIwMDAwMDAwMDAwMH19",
          "dependencies": [
            "aws_vpc.toni_vpc"
          ]
        }
      ]
    },
    {
      "mode": "managed",
      "type": "aws_launch_template",
      "name": "ec2_launch_template",
      "provider": "provider[\"registry.terraform.io/hashicorp/aws\"]",
      "instances": [
        {
          "schema_version": 0,
          "attributes": {
            "arn": "arn:aws:ec2:eu-north-1:851725350979:launch-template/lt-0f47cc45440df1276",
            "block_device_mappings": [],
            "capacity_reservation_specification": [],
            "cpu_options": [],
            "credit_specification": [],
            "default_version": 1,
            "description": "",
            "disable_api_stop": false,
            "disable_api_termination": false,
            "ebs_optimized": "",
            "elastic_gpu_specifications": [],
            "elastic_inference_accelerator": [],
            "enclave_options": [],
            "hibernation_options": [],
            "iam_instance_profile": [],
            "id": "lt-0f47cc45440df1276",
            "image_id": "ami-0c0e147c706360bd7",
            "instance_initiated_shutdown_behavior": "",
            "instance_market_options": [],
            "instance_requirements": [],
            "instance_type": "t3.micro",
            "kernel_id": "",
            "key_name": "",
            "latest_version": 2,
            "license_specification": [],
            "maintenance_options": [],
            "metadata_options": [],
            "monitoring": [],
            "name": "web-server",
            "name_prefix": "",
            "network_interfaces": [
              {
                "associate_carrier_ip_address": "",
                "associate_public_ip_address": "false",
                "delete_on_termination": "",
                "description": "",
                "device_index": 0,
                "interface_type": "",
                "ipv4_address_count": 0,
                "ipv4_addresses": [],
                "ipv4_prefix_count": 0,
                "ipv4_prefixes": [],
                "ipv6_address_count": 0,
                "ipv6_addresses": [],
                "ipv6_prefix_count": 0,
                "ipv6_prefixes": [],
                "network_card_index": 0,
                "network_interface_id": "",
                "private_ip_address": "",
                "security_groups": [
                  "sg-0a84cfbd9e161d118"
                ],
                "subnet_id": ""
              }
            ],
            "placement": [],
            "private_dns_name_options": [],
            "ram_disk_id": "",
            "security_group_names": [],
            "tag_specifications": [
              {
                "resource_type": "instance",
                "tags": {
                  "Name": "ec2-web-server"
                }
              }
            ],
            "tags": {},
            "tags_all": {},
            "update_default_version": null,
            "user_data": "IyEvYmluL2Jhc2gKeXVtIHVwZGF0ZSAteQoKYW1hem9uLWxpbnV4LWV4dHJhcyBpbnN0YWxsIGRvY2tlciAteQpzZXJ2aWNlIGRvY2tlciBzdGFydApzeXN0ZW1jdGwgZW5hYmxlIGRvY2tlcgoKZWNobyAiJHtkb2NrZXJfaHViX3Bhc3N3b3JkfSIgfCBkb2NrZXIgbG9naW4gLXUgIiR7ZG9ja2VyX2h1Yl91c2VybmFtZX0iIC0tcGFzc3dvcmQtc3RkaW4KCmRvY2tlciBwdWxsICR7ZG9ja2VyX2h1Yl91c2VybmFtZX0vdG9uaTpsYXRlc3QKCmRvY2tlciBydW4gLWQgLXAgODA6ODAgXAogIC1lIERCX0hPU1Q9JHtyZHNfZW5kcG9pbnR9IFwKICAtZSBEQl9VU0VSTkFNRT0ke2RiX3VzZXJuYW1lfSBcCiAgLWUgREJfUEFTU1dPUkQ9JHtkYl9wYXNzd29yZH0gXAogICR7ZG9ja2VyX2h1Yl91c2VybmFtZX0vdG9uaTpsYXRlc3QKCmVjaG8gIkByZWJvb3Qgcm9vdCAkKHdoaWNoIGRvY2tlcikgcnVuIC1kIC1wIDgwOjgwIC1lIERCX0hPU1Q9JHtyZHNfZW5kcG9pbnR9IC1lIERCX1VTRVJOQU1FPSR7ZGJfdXNlcm5hbWV9IC1lIERCX1BBU1NXT1JEPSR7ZGJfcGFzc3dvcmR9ICR7ZG9ja2VyX2h1Yl91c2VybmFtZX0vdG9uaTpsYXRlc3QiID4+IC9ldGMvY3JvbnRhYg==",
            "vpc_security_group_ids": []
          },
          "sensitive_attributes": [],
          "private": "bnVsbA==",
          "dependencies": [
            "aws_security_group.alb_sg",
            "aws_security_group.ec2_sg",
            "aws_vpc.toni_vpc"
          ]
        }
      ]
    },
    {
      "mode": "managed",
      "type": "aws_lb",
      "name": "app_lb",
      "provider": "provider[\"registry.terraform.io/hashicorp/aws\"]",
      "instances": [
        {
          "schema_version": 0,
          "attributes": {
            "access_logs": [
              {
                "bucket": "",
                "enabled": false,
                "prefix": ""
              }
            ],
            "arn": "arn:aws:elasticloadbalancing:eu-north-1:851725350979:loadbalancer/app/app-lb/772e54ace54a6dc4",
            "arn_suffix": "app/app-lb/772e54ace54a6dc4",
            "client_keep_alive": 3600,
            "connection_logs": [
              {
                "bucket": "",
                "enabled": false,
                "prefix": ""
              }
            ],
            "customer_owned_ipv4_pool": "",
            "desync_mitigation_mode": "defensive",
            "dns_name": "app-lb-396094096.eu-north-1.elb.amazonaws.com",
            "dns_record_client_routing_policy": null,
            "drop_invalid_header_fields": false,
            "enable_cross_zone_load_balancing": true,
            "enable_deletion_protection": false,
            "enable_http2": true,
            "enable_tls_version_and_cipher_suite_headers": false,
            "enable_waf_fail_open": false,
            "enable_xff_client_port": false,
            "enforce_security_group_inbound_rules_on_private_link_traffic": "",
            "id": "arn:aws:elasticloadbalancing:eu-north-1:851725350979:loadbalancer/app/app-lb/772e54ace54a6dc4",
            "idle_timeout": 60,
            "internal": false,
            "ip_address_type": "ipv4",
            "load_balancer_type": "application",
            "name": "app-lb",
            "name_prefix": "",
            "preserve_host_header": false,
            "security_groups": [
              "sg-0b6a8f60eaedddd87"
            ],
            "subnet_mapping": [
              {
                "allocation_id": "",
                "ipv6_address": "",
                "outpost_id": "",
                "private_ipv4_address": "",
                "subnet_id": "subnet-036202c13533aa9b3"
              },
              {
                "allocation_id": "",
                "ipv6_address": "",
                "outpost_id": "",
                "private_ipv4_address": "",
                "subnet_id": "subnet-08ca6f98c268abf4c"
              },
              {
                "allocation_id": "",
                "ipv6_address": "",
                "outpost_id": "",
                "private_ipv4_address": "",
                "subnet_id": "subnet-0e812827adec39fb2"
              }
            ],
            "subnets": [
              "subnet-036202c13533aa9b3",
              "subnet-08ca6f98c268abf4c",
              "subnet-0e812827adec39fb2"
            ],
            "tags": {},
            "tags_all": {},
            "timeouts": null,
            "vpc_id": "vpc-09bd2e2e5cd4c3f79",
            "xff_header_processing_mode": "append",
            "zone_id": "Z23TAZ6LKFMNIO"
          },
          "sensitive_attributes": [],
          "private": "eyJlMmJmYjczMC1lY2FhLTExZTYtOGY4OC0zNDM2M2JjN2M0YzAiOnsiY3JlYXRlIjo2MDAwMDAwMDAwMDAsImRlbGV0ZSI6NjAwMDAwMDAwMDAwLCJ1cGRhdGUiOjYwMDAwMDAwMDAwMH19",
          "dependencies": [
            "aws_internet_gateway.igw_vpc",
            "aws_security_group.alb_sg",
            "aws_subnet.public_subnet",
            "aws_vpc.toni_vpc"
          ]
        }
      ]
    },
    {
      "mode": "managed",
      "type": "aws_lb_listener",
      "name": "alb_listener",
      "provider": "provider[\"registry.terraform.io/hashicorp/aws\"]",
      "instances": [
        {
          "schema_version": 0,
          "attributes": {
            "alpn_policy": null,
            "arn": "arn:aws:elasticloadbalancing:eu-north-1:851725350979:listener/app/app-lb/772e54ace54a6dc4/69411e4d2d5870e3",
            "certificate_arn": null,
            "default_action": [
              {
                "authenticate_cognito": [],
                "authenticate_oidc": [],
                "fixed_response": [],
                "forward": [],
                "order": 1,
                "redirect": [],
                "target_group_arn": "arn:aws:elasticloadbalancing:eu-north-1:851725350979:targetgroup/web-server-tg/441b7256cba03e86",
                "type": "forward"
              }
            ],
            "id": "arn:aws:elasticloadbalancing:eu-north-1:851725350979:listener/app/app-lb/772e54ace54a6dc4/69411e4d2d5870e3",
            "load_balancer_arn": "arn:aws:elasticloadbalancing:eu-north-1:851725350979:loadbalancer/app/app-lb/772e54ace54a6dc4",
            "mutual_authentication": [],
            "port": 80,
            "protocol": "HTTP",
            "ssl_policy": "",
            "tags": {
              "Name": "alb-listener"
            },
            "tags_all": {
              "Name": "alb-listener"
            },
            "timeouts": null
          },
          "sensitive_attributes": [],
          "private": "eyJlMmJmYjczMC1lY2FhLTExZTYtOGY4OC0zNDM2M2JjN2M0YzAiOnsiY3JlYXRlIjozMDAwMDAwMDAwMDAsInVwZGF0ZSI6MzAwMDAwMDAwMDAwfX0=",
          "dependencies": [
            "aws_internet_gateway.igw_vpc",
            "aws_lb.app_lb",
            "aws_lb_target_group.alb_ec2_tg",
            "aws_security_group.alb_sg",
            "aws_subnet.public_subnet",
            "aws_vpc.toni_vpc"
          ]
        }
      ]
    },
    {
      "mode": "managed",
      "type": "aws_lb_target_group",
      "name": "alb_ec2_tg",
      "provider": "provider[\"registry.terraform.io/hashicorp/aws\"]",
      "instances": [
        {
          "schema_version": 0,
          "attributes": {
            "arn": "arn:aws:elasticloadbalancing:eu-north-1:851725350979:targetgroup/web-server-tg/441b7256cba03e86",
            "arn_suffix": "targetgroup/web-server-tg/441b7256cba03e86",
            "connection_termination": null,
            "deregistration_delay": "300",
            "health_check": [
              {
                "enabled": true,
                "healthy_threshold": 5,
                "interval": 30,
                "matcher": "200",
                "path": "/",
                "port": "traffic-port",
                "protocol": "HTTP",
                "timeout": 5,
                "unhealthy_threshold": 2
              }
            ],
            "id": "arn:aws:elasticloadbalancing:eu-north-1:851725350979:targetgroup/web-server-tg/441b7256cba03e86",
            "ip_address_type": "ipv4",
            "lambda_multi_value_headers_enabled": false,
            "load_balancer_arns": [
              "arn:aws:elasticloadbalancing:eu-north-1:851725350979:loadbalancer/app/app-lb/772e54ace54a6dc4"
            ],
            "load_balancing_algorithm_type": "round_robin",
            "load_balancing_anomaly_mitigation": "off",
            "load_balancing_cross_zone_enabled": "use_load_balancer_configuration",
            "name": "web-server-tg",
            "name_prefix": "",
            "port": 80,
            "preserve_client_ip": null,
            "protocol": "HTTP",
            "protocol_version": "HTTP1",
            "proxy_protocol_v2": false,
            "slow_start": 0,
            "stickiness": [
              {
                "cookie_duration": 86400,
                "cookie_name": "",
                "enabled": false,
                "type": "lb_cookie"
              }
            ],
            "tags": {
              "Name": "alb_ec2_tg"
            },
            "tags_all": {
              "Name": "alb_ec2_tg"
            },
            "target_failover": [
              {
                "on_deregistration": null,
                "on_unhealthy": null
              }
            ],
            "target_health_state": [
              {
                "enable_unhealthy_connection_termination": null
              }
            ],
            "target_type": "instance",
            "vpc_id": "vpc-09bd2e2e5cd4c3f79"
          },
          "sensitive_attributes": [],
          "private": "bnVsbA==",
          "dependencies": [
            "aws_vpc.toni_vpc"
          ]
        }
      ]
    },
    {
      "mode": "managed",
      "type": "aws_nat_gateway",
      "name": "nat-gateway",
      "provider": "provider[\"registry.terraform.io/hashicorp/aws\"]",
      "instances": [
        {
          "schema_version": 0,
          "attributes": {
            "allocation_id": "eipalloc-05ac27bb4d803ffc6",
            "association_id": "eipassoc-0953ecb5dea869ada",
            "connectivity_type": "public",
            "id": "nat-09b972fe827a39725",
            "network_interface_id": "eni-04f8469f33b756ebe",
            "private_ip": "10.0.0.12",
            "public_ip": "13.49.232.101",
            "secondary_allocation_ids": [],
            "secondary_private_ip_address_count": 0,
            "secondary_private_ip_addresses": [],
            "subnet_id": "subnet-0e812827adec39fb2",
            "tags": {
              "Name": "Nat Gateway"
            },
            "tags_all": {
              "Name": "Nat Gateway"
            },
            "timeouts": null
          },
          "sensitive_attributes": [],
          "private": "eyJlMmJmYjczMC1lY2FhLTExZTYtOGY4OC0zNDM2M2JjN2M0YzAiOnsiY3JlYXRlIjo2MDAwMDAwMDAwMDAsImRlbGV0ZSI6MTgwMDAwMDAwMDAwMCwidXBkYXRlIjo2MDAwMDAwMDAwMDB9fQ==",
          "dependencies": [
            "aws_eip.eip",
            "aws_internet_gateway.igw_vpc",
            "aws_subnet.public_subnet",
            "aws_vpc.toni_vpc"
          ]
        }
      ]
    },
    {
      "mode": "managed",
      "type": "aws_route_table",
      "name": "route_table_private_subnet",
      "provider": "provider[\"registry.terraform.io/hashicorp/aws\"]",
      "instances": [
        {
          "schema_version": 0,
          "attributes": {
            "arn": "arn:aws:ec2:eu-north-1:851725350979:route-table/rtb-0b7b13762f3a24755",
            "id": "rtb-0b7b13762f3a24755",
            "owner_id": "851725350979",
            "propagating_vgws": [],
            "route": [
              {
                "carrier_gateway_id": "",
                "cidr_block": "0.0.0.0/0",
                "core_network_arn": "",
                "destination_prefix_list_id": "",
                "egress_only_gateway_id": "",
                "gateway_id": "nat-09b972fe827a39725",
                "ipv6_cidr_block": "",
                "local_gateway_id": "",
                "nat_gateway_id": "",
                "network_interface_id": "",
                "transit_gateway_id": "",
                "vpc_endpoint_id": "",
                "vpc_peering_connection_id": ""
              }
            ],
            "tags": {
              "Name": "Private subnet Route Table"
            },
            "tags_all": {
              "Name": "Private subnet Route Table"
            },
            "timeouts": null,
            "vpc_id": "vpc-09bd2e2e5cd4c3f79"
          },
          "sensitive_attributes": [],
          "private": "eyJlMmJmYjczMC1lY2FhLTExZTYtOGY4OC0zNDM2M2JjN2M0YzAiOnsiY3JlYXRlIjozMDAwMDAwMDAwMDAsImRlbGV0ZSI6MzAwMDAwMDAwMDAwLCJ1cGRhdGUiOjEyMDAwMDAwMDAwMH19",
          "dependencies": [
            "aws_eip.eip",
            "aws_internet_gateway.igw_vpc",
            "aws_nat_gateway.nat-gateway",
            "aws_subnet.public_subnet",
            "aws_vpc.toni_vpc"
          ]
        }
      ]
    },
    {
      "mode": "managed",
      "type": "aws_route_table",
      "name": "route_table_public_subnet",
      "provider": "provider[\"registry.terraform.io/hashicorp/aws\"]",
      "instances": [
        {
          "schema_version": 0,
          "attributes": {
            "arn": "arn:aws:ec2:eu-north-1:851725350979:route-table/rtb-0912f0ea76f34f300",
            "id": "rtb-0912f0ea76f34f300",
            "owner_id": "851725350979",
            "propagating_vgws": [],
            "route": [
              {
                "carrier_gateway_id": "",
                "cidr_block": "0.0.0.0/0",
                "core_network_arn": "",
                "destination_prefix_list_id": "",
                "egress_only_gateway_id": "",
                "gateway_id": "igw-091afeba1a59b1cc3",
                "ipv6_cidr_block": "",
                "local_gateway_id": "",
                "nat_gateway_id": "",
                "network_interface_id": "",
                "transit_gateway_id": "",
                "vpc_endpoint_id": "",
                "vpc_peering_connection_id": ""
              }
            ],
            "tags": {
              "Name": "Public subnet Route Table"
            },
            "tags_all": {
              "Name": "Public subnet Route Table"
            },
            "timeouts": null,
            "vpc_id": "vpc-09bd2e2e5cd4c3f79"
          },
          "sensitive_attributes": [],
          "private": "eyJlMmJmYjczMC1lY2FhLTExZTYtOGY4OC0zNDM2M2JjN2M0YzAiOnsiY3JlYXRlIjozMDAwMDAwMDAwMDAsImRlbGV0ZSI6MzAwMDAwMDAwMDAwLCJ1cGRhdGUiOjEyMDAwMDAwMDAwMH19",
          "dependencies": [
            "aws_internet_gateway.igw_vpc",
            "aws_vpc.toni_vpc"
          ]
        }
      ]
    },
    {
      "mode": "managed",
      "type": "aws_route_table_association",
      "name": "private_subnet_association",
      "provider": "provider[\"registry.terraform.io/hashicorp/aws\"]",
      "instances": [
        {
          "index_key": 0,
          "schema_version": 0,
          "attributes": {
            "gateway_id": "",
            "id": "rtbassoc-036265b18e6543fc7",
            "route_table_id": "rtb-0b7b13762f3a24755",
            "subnet_id": "subnet-0eae59b19f0f2622c",
            "timeouts": null
          },
          "sensitive_attributes": [],
          "private": "eyJlMmJmYjczMC1lY2FhLTExZTYtOGY4OC0zNDM2M2JjN2M0YzAiOnsiY3JlYXRlIjozMDAwMDAwMDAwMDAsImRlbGV0ZSI6MzAwMDAwMDAwMDAwLCJ1cGRhdGUiOjEyMDAwMDAwMDAwMH19",
          "dependencies": [
            "aws_eip.eip",
            "aws_internet_gateway.igw_vpc",
            "aws_nat_gateway.nat-gateway",
            "aws_route_table.route_table_private_subnet",
            "aws_subnet.private_subnet",
            "aws_subnet.public_subnet",
            "aws_vpc.toni_vpc"
          ]
        },
        {
          "index_key": 1,
          "schema_version": 0,
          "attributes": {
            "gateway_id": "",
            "id": "rtbassoc-0fb574d661052c26f",
            "route_table_id": "rtb-0b7b13762f3a24755",
            "subnet_id": "subnet-053a5bd7ea5356b5f",
            "timeouts": null
          },
          "sensitive_attributes": [],
          "private": "eyJlMmJmYjczMC1lY2FhLTExZTYtOGY4OC0zNDM2M2JjN2M0YzAiOnsiY3JlYXRlIjozMDAwMDAwMDAwMDAsImRlbGV0ZSI6MzAwMDAwMDAwMDAwLCJ1cGRhdGUiOjEyMDAwMDAwMDAwMH19",
          "dependencies": [
            "aws_eip.eip",
            "aws_internet_gateway.igw_vpc",
            "aws_nat_gateway.nat-gateway",
            "aws_route_table.route_table_private_subnet",
            "aws_subnet.private_subnet",
            "aws_subnet.public_subnet",
            "aws_vpc.toni_vpc"
          ]
        },
        {
          "index_key": 2,
          "schema_version": 0,
          "attributes": {
            "gateway_id": "",
            "id": "rtbassoc-0bab93ca4927afcb9",
            "route_table_id": "rtb-0b7b13762f3a24755",
            "subnet_id": "subnet-0b50feeb80933d9a0",
            "timeouts": null
          },
          "sensitive_attributes": [],
          "private": "eyJlMmJmYjczMC1lY2FhLTExZTYtOGY4OC0zNDM2M2JjN2M0YzAiOnsiY3JlYXRlIjozMDAwMDAwMDAwMDAsImRlbGV0ZSI6MzAwMDAwMDAwMDAwLCJ1cGRhdGUiOjEyMDAwMDAwMDAwMH19",
          "dependencies": [
            "aws_eip.eip",
            "aws_internet_gateway.igw_vpc",
            "aws_nat_gateway.nat-gateway",
            "aws_route_table.route_table_private_subnet",
            "aws_subnet.private_subnet",
            "aws_subnet.public_subnet",
            "aws_vpc.toni_vpc"
          ]
        }
      ]
    },
    {
      "mode": "managed",
      "type": "aws_route_table_association",
      "name": "public_subnet_association",
      "provider": "provider[\"registry.terraform.io/hashicorp/aws\"]",
      "instances": [
        {
          "index_key": 0,
          "schema_version": 0,
          "attributes": {
            "gateway_id": "",
            "id": "rtbassoc-0b95df9b0e8dc7f39",
            "route_table_id": "rtb-0912f0ea76f34f300",
            "subnet_id": "subnet-0e812827adec39fb2",
            "timeouts": null
          },
          "sensitive_attributes": [],
          "private": "eyJlMmJmYjczMC1lY2FhLTExZTYtOGY4OC0zNDM2M2JjN2M0YzAiOnsiY3JlYXRlIjozMDAwMDAwMDAwMDAsImRlbGV0ZSI6MzAwMDAwMDAwMDAwLCJ1cGRhdGUiOjEyMDAwMDAwMDAwMH19",
          "dependencies": [
            "aws_internet_gateway.igw_vpc",
            "aws_route_table.route_table_public_subnet",
            "aws_subnet.public_subnet",
            "aws_vpc.toni_vpc"
          ]
        },
        {
          "index_key": 1,
          "schema_version": 0,
          "attributes": {
            "gateway_id": "",
            "id": "rtbassoc-03f5ea28ebc5d2dd3",
            "route_table_id": "rtb-0912f0ea76f34f300",
            "subnet_id": "subnet-036202c13533aa9b3",
            "timeouts": null
          },
          "sensitive_attributes": [],
          "private": "eyJlMmJmYjczMC1lY2FhLTExZTYtOGY4OC0zNDM2M2JjN2M0YzAiOnsiY3JlYXRlIjozMDAwMDAwMDAwMDAsImRlbGV0ZSI6MzAwMDAwMDAwMDAwLCJ1cGRhdGUiOjEyMDAwMDAwMDAwMH19",
          "dependencies": [
            "aws_internet_gateway.igw_vpc",
            "aws_route_table.route_table_public_subnet",
            "aws_subnet.public_subnet",
            "aws_vpc.toni_vpc"
          ]
        },
        {
          "index_key": 2,
          "schema_version": 0,
          "attributes": {
            "gateway_id": "",
            "id": "rtbassoc-093bb4f4b307c6dd3",
            "route_table_id": "rtb-0912f0ea76f34f300",
            "subnet_id": "subnet-08ca6f98c268abf4c",
            "timeouts": null
          },
          "sensitive_attributes": [],
          "private": "eyJlMmJmYjczMC1lY2FhLTExZTYtOGY4OC0zNDM2M2JjN2M0YzAiOnsiY3JlYXRlIjozMDAwMDAwMDAwMDAsImRlbGV0ZSI6MzAwMDAwMDAwMDAwLCJ1cGRhdGUiOjEyMDAwMDAwMDAwMH19",
          "dependencies": [
            "aws_internet_gateway.igw_vpc",
            "aws_route_table.route_table_public_subnet",
            "aws_subnet.public_subnet",
            "aws_vpc.toni_vpc"
          ]
        }
      ]
    },
    {
      "mode": "managed",
      "type": "aws_security_group",
      "name": "alb_sg",
      "provider": "provider[\"registry.terraform.io/hashicorp/aws\"]",
      "instances": [
        {
          "schema_version": 1,
          "attributes": {
            "arn": "arn:aws:ec2:eu-north-1:851725350979:security-group/sg-0b6a8f60eaedddd87",
            "description": "Security Group for Application Load Balancer",
            "egress": [
              {
                "cidr_blocks": [
                  "0.0.0.0/0"
                ],
                "description": "",
                "from_port": 0,
                "ipv6_cidr_blocks": [],
                "prefix_list_ids": [],
                "protocol": "-1",
                "security_groups": [],
                "self": false,
                "to_port": 0
              }
            ],
            "id": "sg-0b6a8f60eaedddd87",
            "ingress": [
              {
                "cidr_blocks": [
                  "0.0.0.0/0"
                ],
                "description": "",
                "from_port": 80,
                "ipv6_cidr_blocks": [],
                "prefix_list_ids": [],
                "protocol": "tcp",
                "security_groups": [],
                "self": false,
                "to_port": 80
              },
              {
                "cidr_blocks": [
                  "0.0.0.0/0"
                ],
                "description": "Allow https request from anywhere",
                "from_port": 443,
                "ipv6_cidr_blocks": [
                  "::/0"
                ],
                "prefix_list_ids": [],
                "protocol": "tcp",
                "security_groups": [],
                "self": false,
                "to_port": 443
              }
            ],
            "name": "alb-sg",
            "name_prefix": "",
            "owner_id": "851725350979",
            "revoke_rules_on_delete": false,
            "tags": {
              "Name": "alb-sg"
            },
            "tags_all": {
              "Name": "alb-sg"
            },
            "timeouts": null,
            "vpc_id": "vpc-09bd2e2e5cd4c3f79"
          },
          "sensitive_attributes": [],
          "private": "eyJlMmJmYjczMC1lY2FhLTExZTYtOGY4OC0zNDM2M2JjN2M0YzAiOnsiY3JlYXRlIjo2MDAwMDAwMDAwMDAsImRlbGV0ZSI6OTAwMDAwMDAwMDAwfSwic2NoZW1hX3ZlcnNpb24iOiIxIn0=",
          "dependencies": [
            "aws_vpc.toni_vpc"
          ]
        }
      ]
    },
    {
      "mode": "managed",
      "type": "aws_security_group",
      "name": "ec2_sg",
      "provider": "provider[\"registry.terraform.io/hashicorp/aws\"]",
      "instances": [
        {
          "schema_version": 1,
          "attributes": {
            "arn": "arn:aws:ec2:eu-north-1:851725350979:security-group/sg-0a84cfbd9e161d118",
            "description": "Security Group for Web Server Instances",
            "egress": [
              {
                "cidr_blocks": [
                  "0.0.0.0/0"
                ],
                "description": "",
                "from_port": 0,
                "ipv6_cidr_blocks": [],
                "prefix_list_ids": [],
                "protocol": "-1",
                "security_groups": [],
                "self": false,
                "to_port": 0
              }
            ],
            "id": "sg-0a84cfbd9e161d118",
            "ingress": [
              {
                "cidr_blocks": [],
                "description": "",
                "from_port": 0,
                "ipv6_cidr_blocks": [],
                "prefix_list_ids": [],
                "protocol": "-1",
                "security_groups": [
                  "sg-0b6a8f60eaedddd87"
                ],
                "self": false,
                "to_port": 0
              }
            ],
            "name": "ec2-sg",
            "name_prefix": "",
            "owner_id": "851725350979",
            "revoke_rules_on_delete": false,
            "tags": {
              "Name": "ec2-sg"
            },
            "tags_all": {
              "Name": "ec2-sg"
            },
            "timeouts": null,
            "vpc_id": "vpc-09bd2e2e5cd4c3f79"
          },
          "sensitive_attributes": [],
          "private": "eyJlMmJmYjczMC1lY2FhLTExZTYtOGY4OC0zNDM2M2JjN2M0YzAiOnsiY3JlYXRlIjo2MDAwMDAwMDAwMDAsImRlbGV0ZSI6OTAwMDAwMDAwMDAwfSwic2NoZW1hX3ZlcnNpb24iOiIxIn0=",
          "dependencies": [
            "aws_security_group.alb_sg",
            "aws_vpc.toni_vpc"
          ]
        }
      ]
    },
    {
      "mode": "managed",
      "type": "aws_security_group",
      "name": "rds_sg",
      "provider": "provider[\"registry.terraform.io/hashicorp/aws\"]",
      "instances": [
        {
          "schema_version": 1,
          "attributes": {
            "arn": "arn:aws:ec2:eu-north-1:851725350979:security-group/sg-008f70c005a2dcc5b",
            "description": "Security group for RDS instances",
            "egress": [
              {
                "cidr_blocks": [
                  "0.0.0.0/0"
                ],
                "description": "",
                "from_port": 0,
                "ipv6_cidr_blocks": [],
                "prefix_list_ids": [],
                "protocol": "-1",
                "security_groups": [],
                "self": false,
                "to_port": 0
              }
            ],
            "id": "sg-008f70c005a2dcc5b",
            "ingress": [
              {
                "cidr_blocks": [],
                "description": "",
                "from_port": 3306,
                "ipv6_cidr_blocks": [],
                "prefix_list_ids": [],
                "protocol": "tcp",
                "security_groups": [
                  "sg-0b6a8f60eaedddd87"
                ],
                "self": false,
                "to_port": 3306
              }
            ],
            "name": "rds-security-group",
            "name_prefix": "",
            "owner_id": "851725350979",
            "revoke_rules_on_delete": false,
            "tags": {
              "Name": "rds-security-group"
            },
            "tags_all": {
              "Name": "rds-security-group"
            },
            "timeouts": null,
            "vpc_id": "vpc-09bd2e2e5cd4c3f79"
          },
          "sensitive_attributes": [],
          "private": "eyJlMmJmYjczMC1lY2FhLTExZTYtOGY4OC0zNDM2M2JjN2M0YzAiOnsiY3JlYXRlIjo2MDAwMDAwMDAwMDAsImRlbGV0ZSI6OTAwMDAwMDAwMDAwfSwic2NoZW1hX3ZlcnNpb24iOiIxIn0=",
          "dependencies": [
            "aws_security_group.alb_sg",
            "aws_vpc.toni_vpc"
          ]
        }
      ]
    },
    {
      "mode": "managed",
      "type": "aws_subnet",
      "name": "private_subnet",
      "provider": "provider[\"registry.terraform.io/hashicorp/aws\"]",
      "instances": [
        {
          "index_key": 0,
          "schema_version": 1,
          "attributes": {
            "arn": "arn:aws:ec2:eu-north-1:851725350979:subnet/subnet-0eae59b19f0f2622c",
            "assign_ipv6_address_on_creation": false,
            "availability_zone": "eu-north-1a",
            "availability_zone_id": "eun1-az1",
            "cidr_block": "10.0.0.48/28",
            "customer_owned_ipv4_pool": "",
            "enable_dns64": false,
            "enable_lni_at_device_index": 0,
            "enable_resource_name_dns_a_record_on_launch": false,
            "enable_resource_name_dns_aaaa_record_on_launch": false,
            "id": "subnet-0eae59b19f0f2622c",
            "ipv6_cidr_block": "",
            "ipv6_cidr_block_association_id": "",
            "ipv6_native": false,
            "map_customer_owned_ip_on_launch": false,
            "map_public_ip_on_launch": false,
            "outpost_arn": "",
            "owner_id": "851725350979",
            "private_dns_hostname_type_on_launch": "ip-name",
            "tags": {
              "Name": "toni-public-subnet-1"
            },
            "tags_all": {
              "Name": "toni-public-subnet-1"
            },
            "timeouts": null,
            "vpc_id": "vpc-09bd2e2e5cd4c3f79"
          },
          "sensitive_attributes": [],
          "private": "eyJlMmJmYjczMC1lY2FhLTExZTYtOGY4OC0zNDM2M2JjN2M0YzAiOnsiY3JlYXRlIjo2MDAwMDAwMDAwMDAsImRlbGV0ZSI6MTIwMDAwMDAwMDAwMH0sInNjaGVtYV92ZXJzaW9uIjoiMSJ9",
          "dependencies": [
            "aws_vpc.toni_vpc"
          ]
        },
        {
          "index_key": 1,
          "schema_version": 1,
          "attributes": {
            "arn": "arn:aws:ec2:eu-north-1:851725350979:subnet/subnet-053a5bd7ea5356b5f",
            "assign_ipv6_address_on_creation": false,
            "availability_zone": "eu-north-1b",
            "availability_zone_id": "eun1-az2",
            "cidr_block": "10.0.0.64/28",
            "customer_owned_ipv4_pool": "",
            "enable_dns64": false,
            "enable_lni_at_device_index": 0,
            "enable_resource_name_dns_a_record_on_launch": false,
            "enable_resource_name_dns_aaaa_record_on_launch": false,
            "id": "subnet-053a5bd7ea5356b5f",
            "ipv6_cidr_block": "",
            "ipv6_cidr_block_association_id": "",
            "ipv6_native": false,
            "map_customer_owned_ip_on_launch": false,
            "map_public_ip_on_launch": false,
            "outpost_arn": "",
            "owner_id": "851725350979",
            "private_dns_hostname_type_on_launch": "ip-name",
            "tags": {
              "Name": "toni-public-subnet-2"
            },
            "tags_all": {
              "Name": "toni-public-subnet-2"
            },
            "timeouts": null,
            "vpc_id": "vpc-09bd2e2e5cd4c3f79"
          },
          "sensitive_attributes": [],
          "private": "eyJlMmJmYjczMC1lY2FhLTExZTYtOGY4OC0zNDM2M2JjN2M0YzAiOnsiY3JlYXRlIjo2MDAwMDAwMDAwMDAsImRlbGV0ZSI6MTIwMDAwMDAwMDAwMH0sInNjaGVtYV92ZXJzaW9uIjoiMSJ9",
          "dependencies": [
            "aws_vpc.toni_vpc"
          ]
        },
        {
          "index_key": 2,
          "schema_version": 1,
          "attributes": {
            "arn": "arn:aws:ec2:eu-north-1:851725350979:subnet/subnet-0b50feeb80933d9a0",
            "assign_ipv6_address_on_creation": false,
            "availability_zone": "eu-north-1c",
            "availability_zone_id": "eun1-az3",
            "cidr_block": "10.0.0.80/28",
            "customer_owned_ipv4_pool": "",
            "enable_dns64": false,
            "enable_lni_at_device_index": 0,
            "enable_resource_name_dns_a_record_on_launch": false,
            "enable_resource_name_dns_aaaa_record_on_launch": false,
            "id": "subnet-0b50feeb80933d9a0",
            "ipv6_cidr_block": "",
            "ipv6_cidr_block_association_id": "",
            "ipv6_native": false,
            "map_customer_owned_ip_on_launch": false,
            "map_public_ip_on_launch": false,
            "outpost_arn": "",
            "owner_id": "851725350979",
            "private_dns_hostname_type_on_launch": "ip-name",
            "tags": {
              "Name": "toni-public-subnet-3"
            },
            "tags_all": {
              "Name": "toni-public-subnet-3"
            },
            "timeouts": null,
            "vpc_id": "vpc-09bd2e2e5cd4c3f79"
          },
          "sensitive_attributes": [],
          "private": "eyJlMmJmYjczMC1lY2FhLTExZTYtOGY4OC0zNDM2M2JjN2M0YzAiOnsiY3JlYXRlIjo2MDAwMDAwMDAwMDAsImRlbGV0ZSI6MTIwMDAwMDAwMDAwMH0sInNjaGVtYV92ZXJzaW9uIjoiMSJ9",
          "dependencies": [
            "aws_vpc.toni_vpc"
          ]
        }
      ]
    },
    {
      "mode": "managed",
      "type": "aws_subnet",
      "name": "public_subnet",
      "provider": "provider[\"registry.terraform.io/hashicorp/aws\"]",
      "instances": [
        {
          "index_key": 0,
          "schema_version": 1,
          "attributes": {
            "arn": "arn:aws:ec2:eu-north-1:851725350979:subnet/subnet-0e812827adec39fb2",
            "assign_ipv6_address_on_creation": false,
            "availability_zone": "eu-north-1a",
            "availability_zone_id": "eun1-az1",
            "cidr_block": "10.0.0.0/28",
            "customer_owned_ipv4_pool": "",
            "enable_dns64": false,
            "enable_lni_at_device_index": 0,
            "enable_resource_name_dns_a_record_on_launch": false,
            "enable_resource_name_dns_aaaa_record_on_launch": false,
            "id": "subnet-0e812827adec39fb2",
            "ipv6_cidr_block": "",
            "ipv6_cidr_block_association_id": "",
            "ipv6_native": false,
            "map_customer_owned_ip_on_launch": false,
            "map_public_ip_on_launch": false,
            "outpost_arn": "",
            "owner_id": "851725350979",
            "private_dns_hostname_type_on_launch": "ip-name",
            "tags": {
              "Name": "toni-public-subnet-1"
            },
            "tags_all": {
              "Name": "toni-public-subnet-1"
            },
            "timeouts": null,
            "vpc_id": "vpc-09bd2e2e5cd4c3f79"
          },
          "sensitive_attributes": [],
          "private": "eyJlMmJmYjczMC1lY2FhLTExZTYtOGY4OC0zNDM2M2JjN2M0YzAiOnsiY3JlYXRlIjo2MDAwMDAwMDAwMDAsImRlbGV0ZSI6MTIwMDAwMDAwMDAwMH0sInNjaGVtYV92ZXJzaW9uIjoiMSJ9",
          "dependencies": [
            "aws_vpc.toni_vpc"
          ]
        },
        {
          "index_key": 1,
          "schema_version": 1,
          "attributes": {
            "arn": "arn:aws:ec2:eu-north-1:851725350979:subnet/subnet-036202c13533aa9b3",
            "assign_ipv6_address_on_creation": false,
            "availability_zone": "eu-north-1b",
            "availability_zone_id": "eun1-az2",
            "cidr_block": "10.0.0.16/28",
            "customer_owned_ipv4_pool": "",
            "enable_dns64": false,
            "enable_lni_at_device_index": 0,
            "enable_resource_name_dns_a_record_on_launch": false,
            "enable_resource_name_dns_aaaa_record_on_launch": false,
            "id": "subnet-036202c13533aa9b3",
            "ipv6_cidr_block": "",
            "ipv6_cidr_block_association_id": "",
            "ipv6_native": false,
            "map_customer_owned_ip_on_launch": false,
            "map_public_ip_on_launch": false,
            "outpost_arn": "",
            "owner_id": "851725350979",
            "private_dns_hostname_type_on_launch": "ip-name",
            "tags": {
              "Name": "toni-public-subnet-2"
            },
            "tags_all": {
              "Name": "toni-public-subnet-2"
            },
            "timeouts": null,
            "vpc_id": "vpc-09bd2e2e5cd4c3f79"
          },
          "sensitive_attributes": [],
          "private": "eyJlMmJmYjczMC1lY2FhLTExZTYtOGY4OC0zNDM2M2JjN2M0YzAiOnsiY3JlYXRlIjo2MDAwMDAwMDAwMDAsImRlbGV0ZSI6MTIwMDAwMDAwMDAwMH0sInNjaGVtYV92ZXJzaW9uIjoiMSJ9",
          "dependencies": [
            "aws_vpc.toni_vpc"
          ]
        },
        {
          "index_key": 2,
          "schema_version": 1,
          "attributes": {
            "arn": "arn:aws:ec2:eu-north-1:851725350979:subnet/subnet-08ca6f98c268abf4c",
            "assign_ipv6_address_on_creation": false,
            "availability_zone": "eu-north-1c",
            "availability_zone_id": "eun1-az3",
            "cidr_block": "10.0.0.32/28",
            "customer_owned_ipv4_pool": "",
            "enable_dns64": false,
            "enable_lni_at_device_index": 0,
            "enable_resource_name_dns_a_record_on_launch": false,
            "enable_resource_name_dns_aaaa_record_on_launch": false,
            "id": "subnet-08ca6f98c268abf4c",
            "ipv6_cidr_block": "",
            "ipv6_cidr_block_association_id": "",
            "ipv6_native": false,
            "map_customer_owned_ip_on_launch": false,
            "map_public_ip_on_launch": false,
            "outpost_arn": "",
            "owner_id": "851725350979",
            "private_dns_hostname_type_on_launch": "ip-name",
            "tags": {
              "Name": "toni-public-subnet-3"
            },
            "tags_all": {
              "Name": "toni-public-subnet-3"
            },
            "timeouts": null,
            "vpc_id": "vpc-09bd2e2e5cd4c3f79"
          },
          "sensitive_attributes": [],
          "private": "eyJlMmJmYjczMC1lY2FhLTExZTYtOGY4OC0zNDM2M2JjN2M0YzAiOnsiY3JlYXRlIjo2MDAwMDAwMDAwMDAsImRlbGV0ZSI6MTIwMDAwMDAwMDAwMH0sInNjaGVtYV92ZXJzaW9uIjoiMSJ9",
          "dependencies": [
            "aws_vpc.toni_vpc"
          ]
        }
      ]
    },
    {
      "mode": "managed",
      "type": "aws_vpc",
      "name": "toni_vpc",
      "provider": "provider[\"registry.terraform.io/hashicorp/aws\"]",
      "instances": [
        {
          "schema_version": 1,
          "attributes": {
            "arn": "arn:aws:ec2:eu-north-1:851725350979:vpc/vpc-09bd2e2e5cd4c3f79",
            "assign_generated_ipv6_cidr_block": false,
            "cidr_block": "10.0.0.0/24",
            "default_network_acl_id": "acl-0e8580ef62f012656",
            "default_route_table_id": "rtb-0247699c3f6742a32",
            "default_security_group_id": "sg-0d1ca9cf16b5f4359",
            "dhcp_options_id": "dopt-01fd146d2877d5712",
            "enable_dns_hostnames": true,
            "enable_dns_support": true,
            "enable_network_address_usage_metrics": false,
            "id": "vpc-09bd2e2e5cd4c3f79",
            "instance_tenancy": "default",
            "ipv4_ipam_pool_id": null,
            "ipv4_netmask_length": null,
            "ipv6_association_id": "",
            "ipv6_cidr_block": "",
            "ipv6_cidr_block_network_border_group": "",
            "ipv6_ipam_pool_id": "",
            "ipv6_netmask_length": 0,
            "main_route_table_id": "rtb-0247699c3f6742a32",
            "owner_id": "851725350979",
            "tags": {
              "Name": "toni-vpc"
            },
            "tags_all": {
              "Name": "toni-vpc"
            }
          },
          "sensitive_attributes": [],
          "private": "eyJzY2hlbWFfdmVyc2lvbiI6IjEifQ==",
          "create_before_destroy": true
        }
      ]
    },
    {
      "module": "module.rds.module.rds",
      "mode": "data",
      "type": "aws_iam_policy_document",
      "name": "monitoring_rds_assume_role",
      "provider": "provider[\"registry.terraform.io/hashicorp/aws\"]",
      "instances": [
        {
          "schema_version": 0,
          "attributes": {
            "id": "76086537",
            "json": "{\n  \"Version\": \"2012-10-17\",\n  \"Statement\": [\n    {\n      \"Effect\": \"Allow\",\n      \"Action\": \"sts:AssumeRole\",\n      \"Principal\": {\n        \"Service\": \"monitoring.rds.amazonaws.com\"\n      }\n    }\n  ]\n}",
            "minified_json": "{\"Version\":\"2012-10-17\",\"Statement\":[{\"Effect\":\"Allow\",\"Action\":\"sts:AssumeRole\",\"Principal\":{\"Service\":\"monitoring.rds.amazonaws.com\"}}]}",
            "override_json": null,
            "override_policy_documents": null,
            "policy_id": null,
            "source_json": null,
            "source_policy_documents": null,
            "statement": [
              {
                "actions": [
                  "sts:AssumeRole"
                ],
                "condition": [],
                "effect": "Allow",
                "not_actions": [],
                "not_principals": [],
                "not_resources": [],
                "principals": [
                  {
                    "identifiers": [
                      "monitoring.rds.amazonaws.com"
                    ],
                    "type": "Service"
                  }
                ],
                "resources": [],
                "sid": ""
              }
            ],
            "version": "2012-10-17"
          },
          "sensitive_attributes": []
        }
      ]
    },
    {
      "module": "module.rds.module.rds",
      "mode": "data",
      "type": "aws_partition",
      "name": "current",
      "provider": "provider[\"registry.terraform.io/hashicorp/aws\"]",
      "instances": [
        {
          "schema_version": 0,
          "attributes": {
            "dns_suffix": "amazonaws.com",
            "id": "aws",
            "partition": "aws",
            "reverse_dns_prefix": "com.amazonaws"
          },
          "sensitive_attributes": []
        }
      ]
    },
    {
      "module": "module.rds.module.rds",
      "mode": "managed",
      "type": "aws_db_subnet_group",
      "name": "this",
      "provider": "provider[\"registry.terraform.io/hashicorp/aws\"]",
      "instances": [
        {
          "index_key": 0,
          "schema_version": 0,
          "attributes": {
            "arn": "arn:aws:rds:eu-north-1:851725350979:subgrp:project-intely-tg",
            "description": "For Aurora cluster project-intely-tg",
            "id": "project-intely-tg",
            "name": "project-intely-tg",
            "name_prefix": "",
            "subnet_ids": [
              "subnet-053a5bd7ea5356b5f",
              "subnet-0b50feeb80933d9a0",
              "subnet-0eae59b19f0f2622c"
            ],
            "supported_network_types": [
              "IPV4"
            ],
            "tags": {
              "Environment": "project_intely",
              "Terraform": "true"
            },
            "tags_all": {
              "Environment": "project_intely",
              "Terraform": "true"
            },
            "vpc_id": "vpc-09bd2e2e5cd4c3f79"
          },
          "sensitive_attributes": [],
          "private": "bnVsbA==",
          "dependencies": [
            "aws_subnet.private_subnet",
            "aws_vpc.toni_vpc"
          ]
        }
      ]
    },
    {
      "module": "module.rds.module.rds",
      "mode": "managed",
      "type": "aws_rds_cluster",
      "name": "this",
      "provider": "provider[\"registry.terraform.io/hashicorp/aws\"]",
      "instances": [
        {
          "index_key": 0,
          "schema_version": 1,
          "attributes": {
            "allocated_storage": 1,
            "allow_major_version_upgrade": false,
            "apply_immediately": null,
            "arn": "arn:aws:rds:eu-north-1:851725350979:cluster:project-intely-tg",
            "availability_zones": [
              "eu-north-1a",
              "eu-north-1b",
              "eu-north-1c"
            ],
            "backtrack_window": 0,
            "backup_retention_period": 7,
            "cluster_identifier": "project-intely-tg",
            "cluster_identifier_prefix": "",
            "cluster_members": [],
            "cluster_resource_id": "cluster-O7CGKVTKCU4KJR7WLRBUHEN6DQ",
            "copy_tags_to_snapshot": false,
            "database_name": "mydatabase",
            "db_cluster_instance_class": "",
            "db_cluster_parameter_group_name": "default.aurora-mysql5.7",
            "db_instance_parameter_group_name": null,
            "db_subnet_group_name": "project-intely-tg",
            "db_system_id": "",
            "delete_automated_backups": true,
            "deletion_protection": false,
            "domain": "",
            "domain_iam_role_name": "",
            "enable_global_write_forwarding": false,
            "enable_http_endpoint": false,
            "enable_local_write_forwarding": false,
            "enabled_cloudwatch_logs_exports": [],
            "endpoint": "project-intely-tg.cluster-c9ucg2ek0yws.eu-north-1.rds.amazonaws.com",
            "engine": "aurora-mysql",
            "engine_mode": "provisioned",
            "engine_version": "5.7.mysql_aurora.2.11.1",
            "engine_version_actual": "5.7.mysql_aurora.2.11.1",
            "final_snapshot_identifier": "final-project-intely-tg-8e56965d",
            "global_cluster_identifier": "",
            "hosted_zone_id": "Z3MPDEQW7KHUGY",
            "iam_database_authentication_enabled": false,
            "iam_roles": [],
            "id": "project-intely-tg",
            "iops": 0,
            "kms_key_id": "arn:aws:kms:eu-north-1:851725350979:key/6fea809b-c6f2-4e6c-a4c1-c22672fb2c1b",
            "manage_master_user_password": null,
            "master_password": "5wnHShsVN3",
            "master_user_secret": [],
            "master_user_secret_kms_key_id": null,
            "master_username": "admin",
            "network_type": "IPV4",
            "port": 3306,
            "preferred_backup_window": "02:00-03:00",
            "preferred_maintenance_window": "sun:05:00-sun:06:00",
            "reader_endpoint": "project-intely-tg.cluster-ro-c9ucg2ek0yws.eu-north-1.rds.amazonaws.com",
            "replication_source_identifier": "",
            "restore_to_point_in_time": [],
            "s3_import": [],
            "scaling_configuration": [],
            "serverlessv2_scaling_configuration": [],
            "skip_final_snapshot": false,
            "snapshot_identifier": null,
            "source_region": null,
            "storage_encrypted": true,
            "storage_type": "",
            "tags": {
              "Environment": "project_intely",
              "Terraform": "true"
            },
            "tags_all": {
              "Environment": "project_intely",
              "Terraform": "true"
            },
            "timeouts": {
              "create": null,
              "delete": null,
              "update": null
            },
            "vpc_security_group_ids": [
              "sg-008f70c005a2dcc5b",
              "sg-01bbb112974e0440b"
            ]
          },
          "sensitive_attributes": [
            [
              {
                "type": "get_attr",
                "value": "master_password"
              }
            ]
          ],
          "private": "eyJlMmJmYjczMC1lY2FhLTExZTYtOGY4OC0zNDM2M2JjN2M0YzAiOnsiY3JlYXRlIjo3MjAwMDAwMDAwMDAwLCJkZWxldGUiOjcyMDAwMDAwMDAwMDAsInVwZGF0ZSI6NzIwMDAwMDAwMDAwMH0sInNjaGVtYV92ZXJzaW9uIjoiMSJ9",
          "dependencies": [
            "aws_security_group.alb_sg",
            "aws_security_group.rds_sg",
            "aws_subnet.private_subnet",
            "aws_vpc.toni_vpc",
            "module.rds.module.rds.aws_db_subnet_group.this",
            "module.rds.module.rds.aws_rds_cluster_parameter_group.this",
            "module.rds.module.rds.aws_security_group.this",
            "module.rds.module.rds.random_id.snapshot_identifier",
            "module.rds.module.rds.random_password.master_password"
          ]
        }
      ]
    },
    {
      "module": "module.rds.module.rds",
      "mode": "managed",
      "type": "aws_security_group",
      "name": "this",
      "provider": "provider[\"registry.terraform.io/hashicorp/aws\"]",
      "instances": [
        {
          "index_key": 0,
          "schema_version": 1,
          "attributes": {
            "arn": "arn:aws:ec2:eu-north-1:851725350979:security-group/sg-01bbb112974e0440b",
            "description": "Control traffic to/from RDS Aurora project-intely-tg",
            "egress": [],
            "id": "sg-01bbb112974e0440b",
            "ingress": [],
            "name": "project-intely-tg-20240705123640768100000001",
            "name_prefix": "project-intely-tg-",
            "owner_id": "851725350979",
            "revoke_rules_on_delete": false,
            "tags": {
              "Environment": "project_intely",
              "Name": "project-intely-tg",
              "Terraform": "true"
            },
            "tags_all": {
              "Environment": "project_intely",
              "Name": "project-intely-tg",
              "Terraform": "true"
            },
            "timeouts": null,
            "vpc_id": "vpc-09bd2e2e5cd4c3f79"
          },
          "sensitive_attributes": [],
          "private": "eyJlMmJmYjczMC1lY2FhLTExZTYtOGY4OC0zNDM2M2JjN2M0YzAiOnsiY3JlYXRlIjo2MDAwMDAwMDAwMDAsImRlbGV0ZSI6OTAwMDAwMDAwMDAwfSwic2NoZW1hX3ZlcnNpb24iOiIxIn0=",
          "dependencies": [
            "aws_vpc.toni_vpc"
          ],
          "create_before_destroy": true
        }
      ]
    },
    {
      "module": "module.rds.module.rds",
      "mode": "managed",
      "type": "random_id",
      "name": "snapshot_identifier",
      "provider": "provider[\"registry.terraform.io/hashicorp/random\"]",
      "instances": [
        {
          "index_key": 0,
          "schema_version": 0,
          "attributes": {
            "b64_std": "jlaWXQ==",
            "b64_url": "jlaWXQ",
            "byte_length": 4,
            "dec": "2388039261",
            "hex": "8e56965d",
            "id": "jlaWXQ",
            "keepers": {
              "id": "project-intely-tg"
            },
            "prefix": null
          },
          "sensitive_attributes": [],
          "dependencies": [
            "aws_vpc.toni_vpc"
          ]
        }
      ]
    },
    {
      "module": "module.rds.module.rds",
      "mode": "managed",
      "type": "random_password",
      "name": "master_password",
      "provider": "provider[\"registry.terraform.io/hashicorp/random\"]",
      "instances": [
        {
          "index_key": 0,
          "schema_version": 3,
          "attributes": {
            "bcrypt_hash": "$2a$10$szFHZRjo6lW6jtln2supTeozosaar.bujKk7Ytudf4TYvcE3aN9Ka",
            "id": "none",
            "keepers": null,
            "length": 10,
            "lower": true,
            "min_lower": 0,
            "min_numeric": 0,
            "min_special": 0,
            "min_upper": 0,
            "number": true,
            "numeric": true,
            "override_special": null,
            "result": "5wnHShsVN3",
            "special": false,
            "upper": true
          },
          "sensitive_attributes": [
            [
              {
                "type": "get_attr",
                "value": "bcrypt_hash"
              }
            ],
            [
              {
                "type": "get_attr",
                "value": "result"
              }
            ]
          ],
          "dependencies": [
            "aws_vpc.toni_vpc"
          ]
        }
      ]
    }
  ],
  "check_results": null
}
